# This is a Gradle generated file for dependency locking.
# Manual edits can break the build and are not advised.
# This file is expected to be part of source control.
androidx.activity:activity:1.6.1=implementationDependenciesMetadata,releaseCompileClasspath,releaseImplementationDependenciesMetadata,releaseRuntimeClasspath,releaseUnitTestCompileClasspath,releaseUnitTestImplementationDependenciesMetadata,releaseUnitTestRuntimeClasspath,testImplementationDependenciesMetadata
androidx.annotation:annotation-experimental:1.3.0=implementationDependenciesMetadata,releaseCompileClasspath,releaseImplementationDependenciesMetadata,releaseRuntimeClasspath,releaseUnitTestCompileClasspath,releaseUnitTestImplementationDependenciesMetadata,releaseUnitTestRuntimeClasspath,testImplementationDependenciesMetadata
androidx.annotation:annotation:1.5.0=implementationDependenciesMetadata,releaseCompileClasspath,releaseImplementationDependenciesMetadata,releaseRuntimeClasspath,releaseUnitTestCompileClasspath,releaseUnitTestImplementationDependenciesMetadata,releaseUnitTestRuntimeClasspath,testImplementationDependenciesMetadata
androidx.arch.core:core-common:2.2.0=implementationDependenciesMetadata,releaseCompileClasspath,releaseImplementationDependenciesMetadata,releaseRuntimeClasspath,releaseUnitTestCompileClasspath,releaseUnitTestImplementationDependenciesMetadata,releaseUnitTestRuntimeClasspath,testImplementationDependenciesMetadata
androidx.arch.core:core-runtime:2.1.0=implementationDependenciesMetadata,releaseImplementationDependenciesMetadata,releaseUnitTestImplementationDependenciesMetadata,testImplementationDependenciesMetadata
androidx.arch.core:core-runtime:2.2.0=releaseCompileClasspath,releaseRuntimeClasspath,releaseUnitTestCompileClasspath,releaseUnitTestRuntimeClasspath
androidx.collection:collection:1.2.0=implementationDependenciesMetadata,releaseCompileClasspath,releaseImplementationDependenciesMetadata,releaseRuntimeClasspath,releaseUnitTestCompileClasspath,releaseUnitTestImplementationDependenciesMetadata,releaseUnitTestRuntimeClasspath,testImplementationDependenciesMetadata
androidx.concurrent:concurrent-futures:1.1.0=releaseRuntimeClasspath,releaseUnitTestCompileClasspath,releaseUnitTestImplementationDependenciesMetadata,releaseUnitTestRuntimeClasspath,testImplementationDependenciesMetadata
androidx.core:core-ktx:1.9.0=implementationDependenciesMetadata,releaseCompileClasspath,releaseImplementationDependenciesMetadata,releaseRuntimeClasspath,releaseUnitTestCompileClasspath,releaseUnitTestImplementationDependenciesMetadata,releaseUnitTestRuntimeClasspath,testImplementationDependenciesMetadata
androidx.core:core:1.9.0=implementationDependenciesMetadata,releaseCompileClasspath,releaseImplementationDependenciesMetadata,releaseRuntimeClasspath,releaseUnitTestCompileClasspath,releaseUnitTestImplementationDependenciesMetadata,releaseUnitTestRuntimeClasspath,testImplementationDependenciesMetadata
androidx.customview:customview:1.1.0=implementationDependenciesMetadata,releaseCompileClasspath,releaseImplementationDependenciesMetadata,releaseRuntimeClasspath,releaseUnitTestCompileClasspath,releaseUnitTestImplementationDependenciesMetadata,releaseUnitTestRuntimeClasspath,testImplementationDependenciesMetadata
androidx.fragment:fragment:1.5.7=implementationDependenciesMetadata,releaseCompileClasspath,releaseImplementationDependenciesMetadata,releaseRuntimeClasspath,releaseUnitTestCompileClasspath,releaseUnitTestImplementationDependenciesMetadata,releaseUnitTestRuntimeClasspath,testImplementationDependenciesMetadata
androidx.hilt:hilt-compiler:1.0.0=_agp_internal_javaPreCompileReleaseUnitTest_kaptClasspath,_agp_internal_javaPreCompileRelease_kaptClasspath,kapt,kaptAndroidTest,kaptAndroidTestDebug,kaptAndroidTestInternal,kaptAndroidTestRelease,kaptClasspath_kaptReleaseKotlin,kaptClasspath_kaptReleaseUnitTestKotlin,kaptDebug,kaptInternal,kaptRelease,kaptTest,kaptTestDebug,kaptTestFixtures,kaptTestFixturesDebug,kaptTestFixturesInternal,kaptTestFixturesRelease,kaptTestInternal,kaptTestRelease
androidx.lifecycle:lifecycle-common:2.6.1=implementationDependenciesMetadata,releaseCompileClasspath,releaseImplementationDependenciesMetadata,releaseRuntimeClasspath,releaseUnitTestCompileClasspath,releaseUnitTestImplementationDependenciesMetadata,releaseUnitTestRuntimeClasspath,testImplementationDependenciesMetadata
androidx.lifecycle:lifecycle-livedata-core:2.6.1=implementationDependenciesMetadata,releaseCompileClasspath,releaseImplementationDependenciesMetadata,releaseRuntimeClasspath,releaseUnitTestCompileClasspath,releaseUnitTestImplementationDependenciesMetadata,releaseUnitTestRuntimeClasspath,testImplementationDependenciesMetadata
androidx.lifecycle:lifecycle-livedata:2.6.1=implementationDependenciesMetadata,releaseCompileClasspath,releaseImplementationDependenciesMetadata,releaseRuntimeClasspath,releaseUnitTestCompileClasspath,releaseUnitTestImplementationDependenciesMetadata,releaseUnitTestRuntimeClasspath,testImplementationDependenciesMetadata
androidx.lifecycle:lifecycle-runtime:2.6.1=implementationDependenciesMetadata,releaseCompileClasspath,releaseImplementationDependenciesMetadata,releaseRuntimeClasspath,releaseUnitTestCompileClasspath,releaseUnitTestImplementationDependenciesMetadata,releaseUnitTestRuntimeClasspath,testImplementationDependenciesMetadata
androidx.lifecycle:lifecycle-viewmodel-savedstate:2.6.1=implementationDependenciesMetadata,releaseCompileClasspath,releaseImplementationDependenciesMetadata,releaseRuntimeClasspath,releaseUnitTestCompileClasspath,releaseUnitTestImplementationDependenciesMetadata,releaseUnitTestRuntimeClasspath,testImplementationDependenciesMetadata
androidx.lifecycle:lifecycle-viewmodel:2.6.1=implementationDependenciesMetadata,releaseCompileClasspath,releaseImplementationDependenciesMetadata,releaseRuntimeClasspath,releaseUnitTestCompileClasspath,releaseUnitTestImplementationDependenciesMetadata,releaseUnitTestRuntimeClasspath,testImplementationDependenciesMetadata
androidx.loader:loader:1.0.0=implementationDependenciesMetadata,releaseCompileClasspath,releaseImplementationDependenciesMetadata,releaseRuntimeClasspath,releaseUnitTestCompileClasspath,releaseUnitTestImplementationDependenciesMetadata,releaseUnitTestRuntimeClasspath,testImplementationDependenciesMetadata
androidx.multidex:multidex:2.0.1=releaseUnitTestCompileClasspath,releaseUnitTestImplementationDependenciesMetadata,releaseUnitTestRuntimeClasspath,testImplementationDependenciesMetadata
androidx.profileinstaller:profileinstaller:1.3.0=releaseRuntimeClasspath,releaseUnitTestRuntimeClasspath
androidx.savedstate:savedstate:1.2.1=implementationDependenciesMetadata,releaseCompileClasspath,releaseImplementationDependenciesMetadata,releaseRuntimeClasspath,releaseUnitTestCompileClasspath,releaseUnitTestImplementationDependenciesMetadata,releaseUnitTestRuntimeClasspath,testImplementationDependenciesMetadata
androidx.startup:startup-runtime:1.1.1=releaseRuntimeClasspath,releaseUnitTestRuntimeClasspath
androidx.test.ext:junit-ktx:1.1.5=releaseUnitTestCompileClasspath,releaseUnitTestImplementationDependenciesMetadata,releaseUnitTestRuntimeClasspath,testImplementationDependenciesMetadata
androidx.test.ext:junit:1.1.5=releaseUnitTestCompileClasspath,releaseUnitTestImplementationDependenciesMetadata,releaseUnitTestRuntimeClasspath,testImplementationDependenciesMetadata
androidx.test.services:storage:1.4.2=releaseUnitTestCompileClasspath,releaseUnitTestImplementationDependenciesMetadata,releaseUnitTestRuntimeClasspath,testImplementationDependenciesMetadata
androidx.test:annotation:1.0.1=releaseUnitTestCompileClasspath,releaseUnitTestImplementationDependenciesMetadata,releaseUnitTestRuntimeClasspath,testImplementationDependenciesMetadata
androidx.test:core-ktx:1.4.1-alpha07=releaseUnitTestCompileClasspath,releaseUnitTestImplementationDependenciesMetadata,releaseUnitTestRuntimeClasspath,testImplementationDependenciesMetadata
androidx.test:core:1.5.0=releaseUnitTestCompileClasspath,releaseUnitTestImplementationDependenciesMetadata,releaseUnitTestRuntimeClasspath,testImplementationDependenciesMetadata
androidx.test:monitor:1.6.1=releaseUnitTestCompileClasspath,releaseUnitTestImplementationDependenciesMetadata,releaseUnitTestRuntimeClasspath,testImplementationDependenciesMetadata
androidx.test:rules:1.4.1-beta01=releaseUnitTestCompileClasspath,releaseUnitTestImplementationDependenciesMetadata,releaseUnitTestRuntimeClasspath,testImplementationDependenciesMetadata
androidx.test:runner:1.5.0-beta01=releaseUnitTestCompileClasspath,releaseUnitTestImplementationDependenciesMetadata,releaseUnitTestRuntimeClasspath,testImplementationDependenciesMetadata
androidx.tracing:tracing:1.0.0=releaseRuntimeClasspath,releaseUnitTestCompileClasspath,releaseUnitTestImplementationDependenciesMetadata,releaseUnitTestRuntimeClasspath,testImplementationDependenciesMetadata
androidx.versionedparcelable:versionedparcelable:1.1.1=implementationDependenciesMetadata,releaseCompileClasspath,releaseImplementationDependenciesMetadata,releaseRuntimeClasspath,releaseUnitTestCompileClasspath,releaseUnitTestImplementationDependenciesMetadata,releaseUnitTestRuntimeClasspath,testImplementationDependenciesMetadata
androidx.viewpager:viewpager:1.0.0=implementationDependenciesMetadata,releaseCompileClasspath,releaseImplementationDependenciesMetadata,releaseRuntimeClasspath,releaseUnitTestCompileClasspath,releaseUnitTestImplementationDependenciesMetadata,releaseUnitTestRuntimeClasspath,testImplementationDependenciesMetadata
com.android.tools:desugar_jdk_libs:1.1.5=coreLibraryDesugaring
com.android.tools:desugar_jdk_libs_configuration:1.1.5=coreLibraryDesugaring
com.google.auto:auto-common:0.11=_agp_internal_javaPreCompileReleaseUnitTest_kaptClasspath,_agp_internal_javaPreCompileRelease_kaptClasspath,kapt,kaptAndroidTest,kaptAndroidTestDebug,kaptAndroidTestInternal,kaptAndroidTestRelease,kaptClasspath_kaptReleaseKotlin,kaptClasspath_kaptReleaseUnitTestKotlin,kaptDebug,kaptInternal,kaptRelease,kaptTest,kaptTestDebug,kaptTestFixtures,kaptTestFixturesDebug,kaptTestFixturesInternal,kaptTestFixturesRelease,kaptTestInternal,kaptTestRelease
com.google.code.findbugs:jsr305:3.0.2=_agp_internal_javaPreCompileReleaseUnitTest_kaptClasspath,_agp_internal_javaPreCompileRelease_kaptClasspath,implementationDependenciesMetadata,kapt,kaptAndroidTest,kaptAndroidTestDebug,kaptAndroidTestInternal,kaptAndroidTestRelease,kaptClasspath_kaptReleaseKotlin,kaptClasspath_kaptReleaseUnitTestKotlin,kaptDebug,kaptInternal,kaptRelease,kaptTest,kaptTestDebug,kaptTestFixtures,kaptTestFixturesDebug,kaptTestFixturesInternal,kaptTestFixturesRelease,kaptTestInternal,kaptTestRelease,releaseCompileClasspath,releaseImplementationDependenciesMetadata,releaseRuntimeClasspath,releaseUnitTestCompileClasspath,releaseUnitTestImplementationDependenciesMetadata,releaseUnitTestRuntimeClasspath,testImplementationDependenciesMetadata
com.google.dagger:dagger-compiler:2.45=_agp_internal_javaPreCompileReleaseUnitTest_kaptClasspath,_agp_internal_javaPreCompileRelease_kaptClasspath,kapt,kaptAndroidTest,kaptAndroidTestDebug,kaptAndroidTestInternal,kaptAndroidTestRelease,kaptClasspath_kaptReleaseKotlin,kaptClasspath_kaptReleaseUnitTestKotlin,kaptDebug,kaptInternal,kaptRelease,kaptTest,kaptTestDebug,kaptTestFixtures,kaptTestFixturesDebug,kaptTestFixturesInternal,kaptTestFixturesRelease,kaptTestInternal,kaptTestRelease
com.google.dagger:dagger-lint-aar:2.45=implementationDependenciesMetadata,releaseCompileClasspath,releaseImplementationDependenciesMetadata,releaseRuntimeClasspath,releaseUnitTestCompileClasspath,releaseUnitTestImplementationDependenciesMetadata,releaseUnitTestRuntimeClasspath,testImplementationDependenciesMetadata
com.google.dagger:dagger-producers:2.45=_agp_internal_javaPreCompileReleaseUnitTest_kaptClasspath,_agp_internal_javaPreCompileRelease_kaptClasspath,kapt,kaptAndroidTest,kaptAndroidTestDebug,kaptAndroidTestInternal,kaptAndroidTestRelease,kaptClasspath_kaptReleaseKotlin,kaptClasspath_kaptReleaseUnitTestKotlin,kaptDebug,kaptInternal,kaptRelease,kaptTest,kaptTestDebug,kaptTestFixtures,kaptTestFixturesDebug,kaptTestFixturesInternal,kaptTestFixturesRelease,kaptTestInternal,kaptTestRelease
com.google.dagger:dagger-spi:2.45=_agp_internal_javaPreCompileReleaseUnitTest_kaptClasspath,_agp_internal_javaPreCompileRelease_kaptClasspath,kapt,kaptAndroidTest,kaptAndroidTestDebug,kaptAndroidTestInternal,kaptAndroidTestRelease,kaptClasspath_kaptReleaseKotlin,kaptClasspath_kaptReleaseUnitTestKotlin,kaptDebug,kaptInternal,kaptRelease,kaptTest,kaptTestDebug,kaptTestFixtures,kaptTestFixturesDebug,kaptTestFixturesInternal,kaptTestFixturesRelease,kaptTestInternal,kaptTestRelease
com.google.dagger:dagger:2.45=_agp_internal_javaPreCompileReleaseUnitTest_kaptClasspath,_agp_internal_javaPreCompileRelease_kaptClasspath,implementationDependenciesMetadata,kapt,kaptAndroidTest,kaptAndroidTestDebug,kaptAndroidTestInternal,kaptAndroidTestRelease,kaptClasspath_kaptReleaseKotlin,kaptClasspath_kaptReleaseUnitTestKotlin,kaptDebug,kaptInternal,kaptRelease,kaptTest,kaptTestDebug,kaptTestFixtures,kaptTestFixturesDebug,kaptTestFixturesInternal,kaptTestFixturesRelease,kaptTestInternal,kaptTestRelease,releaseCompileClasspath,releaseImplementationDependenciesMetadata,releaseRuntimeClasspath,releaseUnitTestCompileClasspath,releaseUnitTestImplementationDependenciesMetadata,releaseUnitTestRuntimeClasspath,testImplementationDependenciesMetadata
com.google.dagger:hilt-android-compiler:2.45=_agp_internal_javaPreCompileReleaseUnitTest_kaptClasspath,_agp_internal_javaPreCompileRelease_kaptClasspath,kapt,kaptAndroidTest,kaptAndroidTestDebug,kaptAndroidTestInternal,kaptAndroidTestRelease,kaptClasspath_kaptReleaseKotlin,kaptClasspath_kaptReleaseUnitTestKotlin,kaptDebug,kaptInternal,kaptRelease,kaptTest,kaptTestDebug,kaptTestFixtures,kaptTestFixturesDebug,kaptTestFixturesInternal,kaptTestFixturesRelease,kaptTestInternal,kaptTestRelease
com.google.dagger:hilt-android-testing:2.45=releaseUnitTestCompileClasspath,releaseUnitTestImplementationDependenciesMetadata,releaseUnitTestRuntimeClasspath,testImplementationDependenciesMetadata
com.google.dagger:hilt-android:2.45=implementationDependenciesMetadata,releaseCompileClasspath,releaseImplementationDependenciesMetadata,releaseRuntimeClasspath,releaseUnitTestCompileClasspath,releaseUnitTestImplementationDependenciesMetadata,releaseUnitTestRuntimeClasspath,testImplementationDependenciesMetadata
com.google.dagger:hilt-core:2.45=implementationDependenciesMetadata,releaseCompileClasspath,releaseImplementationDependenciesMetadata,releaseRuntimeClasspath,releaseUnitTestCompileClasspath,releaseUnitTestImplementationDependenciesMetadata,releaseUnitTestRuntimeClasspath,testImplementationDependenciesMetadata
com.google.devtools.ksp:symbol-processing-api:1.7.0-1.0.6=_agp_internal_javaPreCompileReleaseUnitTest_kaptClasspath,_agp_internal_javaPreCompileRelease_kaptClasspath,kapt,kaptAndroidTest,kaptAndroidTestDebug,kaptAndroidTestInternal,kaptAndroidTestRelease,kaptClasspath_kaptReleaseKotlin,kaptClasspath_kaptReleaseUnitTestKotlin,kaptDebug,kaptInternal,kaptRelease,kaptTest,kaptTestDebug,kaptTestFixtures,kaptTestFixturesDebug,kaptTestFixturesInternal,kaptTestFixturesRelease,kaptTestInternal,kaptTestRelease
com.google.errorprone:error_prone_annotations:2.7.1=_agp_internal_javaPreCompileReleaseUnitTest_kaptClasspath,_agp_internal_javaPreCompileRelease_kaptClasspath,kapt,kaptAndroidTest,kaptAndroidTestDebug,kaptAndroidTestInternal,kaptAndroidTestRelease,kaptClasspath_kaptReleaseKotlin,kaptClasspath_kaptReleaseUnitTestKotlin,kaptDebug,kaptInternal,kaptRelease,kaptTest,kaptTestDebug,kaptTestFixtures,kaptTestFixturesDebug,kaptTestFixturesInternal,kaptTestFixturesRelease,kaptTestInternal,kaptTestRelease
com.google.errorprone:javac-shaded:9-dev-r4023-3=_agp_internal_javaPreCompileReleaseUnitTest_kaptClasspath,_agp_internal_javaPreCompileRelease_kaptClasspath,kapt,kaptAndroidTest,kaptAndroidTestDebug,kaptAndroidTestInternal,kaptAndroidTestRelease,kaptClasspath_kaptReleaseKotlin,kaptClasspath_kaptReleaseUnitTestKotlin,kaptDebug,kaptInternal,kaptRelease,kaptTest,kaptTestDebug,kaptTestFixtures,kaptTestFixturesDebug,kaptTestFixturesInternal,kaptTestFixturesRelease,kaptTestInternal,kaptTestRelease
com.google.firebase:firebase-bom:30.5.0=_agp_internal_javaPreCompileReleaseUnitTest_kaptClasspath,_agp_internal_javaPreCompileRelease_kaptClasspath,apiDependenciesMetadata,compileOnlyDependenciesMetadata,debugImplementationDependenciesMetadata,implementationDependenciesMetadata,kapt,kaptAndroidTest,kaptAndroidTestDebug,kaptAndroidTestInternal,kaptAndroidTestRelease,kaptClasspath_kaptReleaseKotlin,kaptClasspath_kaptReleaseUnitTestKotlin,kaptDebug,kaptInternal,kaptRelease,kaptTest,kaptTestDebug,kaptTestFixtures,kaptTestFixturesDebug,kaptTestFixturesInternal,kaptTestFixturesRelease,kaptTestInternal,kaptTestRelease,releaseApiDependenciesMetadata,releaseCompileClasspath,releaseCompileOnlyDependenciesMetadata,releaseImplementationDependenciesMetadata,releaseRuntimeClasspath,releaseUnitTestCompileClasspath,releaseUnitTestImplementationDependenciesMetadata,releaseUnitTestRuntimeClasspath,testImplementationDependenciesMetadata
com.google.googlejavaformat:google-java-format:1.5=_agp_internal_javaPreCompileReleaseUnitTest_kaptClasspath,_agp_internal_javaPreCompileRelease_kaptClasspath,kapt,kaptAndroidTest,kaptAndroidTestDebug,kaptAndroidTestInternal,kaptAndroidTestRelease,kaptClasspath_kaptReleaseKotlin,kaptClasspath_kaptReleaseUnitTestKotlin,kaptDebug,kaptInternal,kaptRelease,kaptTest,kaptTestDebug,kaptTestFixtures,kaptTestFixturesDebug,kaptTestFixturesInternal,kaptTestFixturesRelease,kaptTestInternal,kaptTestRelease
com.google.guava:failureaccess:1.0.1=_agp_internal_javaPreCompileReleaseUnitTest_kaptClasspath,_agp_internal_javaPreCompileRelease_kaptClasspath,kapt,kaptAndroidTest,kaptAndroidTestDebug,kaptAndroidTestInternal,kaptAndroidTestRelease,kaptClasspath_kaptReleaseKotlin,kaptClasspath_kaptReleaseUnitTestKotlin,kaptDebug,kaptInternal,kaptRelease,kaptTest,kaptTestDebug,kaptTestFixtures,kaptTestFixturesDebug,kaptTestFixturesInternal,kaptTestFixturesRelease,kaptTestInternal,kaptTestRelease
com.google.guava:guava:31.0.1-jre=_agp_internal_javaPreCompileReleaseUnitTest_kaptClasspath,_agp_internal_javaPreCompileRelease_kaptClasspath,kapt,kaptAndroidTest,kaptAndroidTestDebug,kaptAndroidTestInternal,kaptAndroidTestRelease,kaptClasspath_kaptReleaseKotlin,kaptClasspath_kaptReleaseUnitTestKotlin,kaptDebug,kaptInternal,kaptRelease,kaptTest,kaptTestDebug,kaptTestFixtures,kaptTestFixturesDebug,kaptTestFixturesInternal,kaptTestFixturesRelease,kaptTestInternal,kaptTestRelease
com.google.guava:listenablefuture:1.0=releaseRuntimeClasspath,releaseUnitTestCompileClasspath,releaseUnitTestImplementationDependenciesMetadata,releaseUnitTestRuntimeClasspath,testImplementationDependenciesMetadata
com.google.guava:listenablefuture:9999.0-empty-to-avoid-conflict-with-guava=_agp_internal_javaPreCompileReleaseUnitTest_kaptClasspath,_agp_internal_javaPreCompileRelease_kaptClasspath,kapt,kaptAndroidTest,kaptAndroidTestDebug,kaptAndroidTestInternal,kaptAndroidTestRelease,kaptClasspath_kaptReleaseKotlin,kaptClasspath_kaptReleaseUnitTestKotlin,kaptDebug,kaptInternal,kaptRelease,kaptTest,kaptTestDebug,kaptTestFixtures,kaptTestFixturesDebug,kaptTestFixturesInternal,kaptTestFixturesRelease,kaptTestInternal,kaptTestRelease
com.google.j2objc:j2objc-annotations:1.3=_agp_internal_javaPreCompileReleaseUnitTest_kaptClasspath,_agp_internal_javaPreCompileRelease_kaptClasspath,kapt,kaptAndroidTest,kaptAndroidTestDebug,kaptAndroidTestInternal,kaptAndroidTestRelease,kaptClasspath_kaptReleaseKotlin,kaptClasspath_kaptReleaseUnitTestKotlin,kaptDebug,kaptInternal,kaptRelease,kaptTest,kaptTestDebug,kaptTestFixtures,kaptTestFixturesDebug,kaptTestFixturesInternal,kaptTestFixturesRelease,kaptTestInternal,kaptTestRelease
com.squareup:javapoet:1.13.0=_agp_internal_javaPreCompileReleaseUnitTest_kaptClasspath,_agp_internal_javaPreCompileRelease_kaptClasspath,kapt,kaptAndroidTest,kaptAndroidTestDebug,kaptAndroidTestInternal,kaptAndroidTestRelease,kaptClasspath_kaptReleaseKotlin,kaptClasspath_kaptReleaseUnitTestKotlin,kaptDebug,kaptInternal,kaptRelease,kaptTest,kaptTestDebug,kaptTestFixtures,kaptTestFixturesDebug,kaptTestFixturesInternal,kaptTestFixturesRelease,kaptTestInternal,kaptTestRelease
com.squareup:kotlinpoet:1.11.0=_agp_internal_javaPreCompileReleaseUnitTest_kaptClasspath,_agp_internal_javaPreCompileRelease_kaptClasspath,kapt,kaptAndroidTest,kaptAndroidTestDebug,kaptAndroidTestInternal,kaptAndroidTestRelease,kaptClasspath_kaptReleaseKotlin,kaptClasspath_kaptReleaseUnitTestKotlin,kaptDebug,kaptInternal,kaptRelease,kaptTest,kaptTestDebug,kaptTestFixtures,kaptTestFixturesDebug,kaptTestFixturesInternal,kaptTestFixturesRelease,kaptTestInternal,kaptTestRelease
javax.annotation:javax.annotation-api:1.3.2=_agp_internal_javaPreCompileReleaseUnitTest_kaptClasspath,_agp_internal_javaPreCompileRelease_kaptClasspath,kapt,kaptAndroidTest,kaptAndroidTestDebug,kaptAndroidTestInternal,kaptAndroidTestRelease,kaptClasspath_kaptReleaseKotlin,kaptClasspath_kaptReleaseUnitTestKotlin,kaptDebug,kaptInternal,kaptRelease,kaptTest,kaptTestDebug,kaptTestFixtures,kaptTestFixturesDebug,kaptTestFixturesInternal,kaptTestFixturesRelease,kaptTestInternal,kaptTestRelease
javax.inject:javax.inject:1=_agp_internal_javaPreCompileReleaseUnitTest_kaptClasspath,_agp_internal_javaPreCompileRelease_kaptClasspath,implementationDependenciesMetadata,kapt,kaptAndroidTest,kaptAndroidTestDebug,kaptAndroidTestInternal,kaptAndroidTestRelease,kaptClasspath_kaptReleaseKotlin,kaptClasspath_kaptReleaseUnitTestKotlin,kaptDebug,kaptInternal,kaptRelease,kaptTest,kaptTestDebug,kaptTestFixtures,kaptTestFixturesDebug,kaptTestFixturesInternal,kaptTestFixturesRelease,kaptTestInternal,kaptTestRelease,releaseCompileClasspath,releaseImplementationDependenciesMetadata,releaseRuntimeClasspath,releaseUnitTestCompileClasspath,releaseUnitTestImplementationDependenciesMetadata,releaseUnitTestRuntimeClasspath,testImplementationDependenciesMetadata
junit:junit:4.13.2=releaseUnitTestCompileClasspath,releaseUnitTestImplementationDependenciesMetadata,releaseUnitTestRuntimeClasspath,testImplementationDependenciesMetadata
net.java.dev.jna:jna:5.6.0=kotlinCompilerClasspath,kotlinCompilerPluginClasspathRelease,kotlinCompilerPluginClasspathReleaseUnitTest,kotlinKaptWorkerDependencies,kotlinKlibCommonizerClasspath
net.ltgt.gradle.incap:incap:0.2=_agp_internal_javaPreCompileReleaseUnitTest_kaptClasspath,_agp_internal_javaPreCompileRelease_kaptClasspath,kapt,kaptAndroidTest,kaptAndroidTestDebug,kaptAndroidTestInternal,kaptAndroidTestRelease,kaptClasspath_kaptReleaseKotlin,kaptClasspath_kaptReleaseUnitTestKotlin,kaptDebug,kaptInternal,kaptRelease,kaptTest,kaptTestDebug,kaptTestFixtures,kaptTestFixturesDebug,kaptTestFixturesInternal,kaptTestFixturesRelease,kaptTestInternal,kaptTestRelease
org.checkerframework:checker-compat-qual:2.5.5=_agp_internal_javaPreCompileReleaseUnitTest_kaptClasspath,_agp_internal_javaPreCompileRelease_kaptClasspath,kapt,kaptAndroidTest,kaptAndroidTestDebug,kaptAndroidTestInternal,kaptAndroidTestRelease,kaptClasspath_kaptReleaseKotlin,kaptClasspath_kaptReleaseUnitTestKotlin,kaptDebug,kaptInternal,kaptRelease,kaptTest,kaptTestDebug,kaptTestFixtures,kaptTestFixturesDebug,kaptTestFixturesInternal,kaptTestFixturesRelease,kaptTestInternal,kaptTestRelease
org.checkerframework:checker-qual:3.12.0=_agp_internal_javaPreCompileReleaseUnitTest_kaptClasspath,_agp_internal_javaPreCompileRelease_kaptClasspath,kapt,kaptAndroidTest,kaptAndroidTestDebug,kaptAndroidTestInternal,kaptAndroidTestRelease,kaptClasspath_kaptReleaseKotlin,kaptClasspath_kaptReleaseUnitTestKotlin,kaptDebug,kaptInternal,kaptRelease,kaptTest,kaptTestDebug,kaptTestFixtures,kaptTestFixturesDebug,kaptTestFixturesInternal,kaptTestFixturesRelease,kaptTestInternal,kaptTestRelease
org.hamcrest:hamcrest-core:1.3=releaseUnitTestCompileClasspath,releaseUnitTestImplementationDependenciesMetadata,releaseUnitTestRuntimeClasspath,testImplementationDependenciesMetadata
org.jacoco:org.jacoco.agent:0.8.8=androidJacocoAnt
org.jacoco:org.jacoco.ant:0.8.8=androidJacocoAnt
org.jacoco:org.jacoco.core:0.8.8=androidJacocoAnt
org.jacoco:org.jacoco.report:0.8.8=androidJacocoAnt
org.jetbrains.intellij.deps:trove4j:1.0.20200330=kotlinCompilerClasspath,kotlinCompilerPluginClasspathRelease,kotlinCompilerPluginClasspathReleaseUnitTest,kotlinKaptWorkerDependencies,kotlinKlibCommonizerClasspath
org.jetbrains.kotlin:kotlin-annotation-processing-gradle:1.7.20=kotlinCompilerPluginClasspathRelease,kotlinCompilerPluginClasspathReleaseUnitTest,kotlinKaptWorkerDependencies
org.jetbrains.kotlin:kotlin-compiler-embeddable:1.7.20=kotlinCompilerClasspath,kotlinCompilerPluginClasspathRelease,kotlinCompilerPluginClasspathReleaseUnitTest,kotlinKaptWorkerDependencies,kotlinKlibCommonizerClasspath
org.jetbrains.kotlin:kotlin-daemon-embeddable:1.7.20=kotlinCompilerClasspath,kotlinCompilerPluginClasspathRelease,kotlinCompilerPluginClasspathReleaseUnitTest,kotlinKaptWorkerDependencies,kotlinKlibCommonizerClasspath
org.jetbrains.kotlin:kotlin-klib-commonizer-embeddable:1.7.20=kotlinKlibCommonizerClasspath
org.jetbrains.kotlin:kotlin-reflect:1.7.20=_agp_internal_javaPreCompileReleaseUnitTest_kaptClasspath,_agp_internal_javaPreCompileRelease_kaptClasspath,kapt,kaptAndroidTest,kaptAndroidTestDebug,kaptAndroidTestInternal,kaptAndroidTestRelease,kaptClasspath_kaptReleaseKotlin,kaptClasspath_kaptReleaseUnitTestKotlin,kaptDebug,kaptInternal,kaptRelease,kaptTest,kaptTestDebug,kaptTestFixtures,kaptTestFixturesDebug,kaptTestFixturesInternal,kaptTestFixturesRelease,kaptTestInternal,kaptTestRelease,kotlinCompilerClasspath,kotlinCompilerPluginClasspathRelease,kotlinCompilerPluginClasspathReleaseUnitTest,kotlinKaptWorkerDependencies,kotlinKlibCommonizerClasspath
org.jetbrains.kotlin:kotlin-script-runtime:1.7.20=kotlinCompilerClasspath,kotlinCompilerPluginClasspathRelease,kotlinCompilerPluginClasspathReleaseUnitTest,kotlinKaptWorkerDependencies,kotlinKlibCommonizerClasspath
org.jetbrains.kotlin:kotlin-stdlib-common:1.7.20=_agp_internal_javaPreCompileReleaseUnitTest_kaptClasspath,_agp_internal_javaPreCompileRelease_kaptClasspath,apiDependenciesMetadata,kapt,kaptAndroidTest,kaptAndroidTestDebug,kaptAndroidTestInternal,kaptAndroidTestRelease,kaptClasspath_kaptReleaseKotlin,kaptClasspath_kaptReleaseUnitTestKotlin,kaptDebug,kaptInternal,kaptRelease,kaptTest,kaptTestDebug,kaptTestFixtures,kaptTestFixturesDebug,kaptTestFixturesInternal,kaptTestFixturesRelease,kaptTestInternal,kaptTestRelease,kotlinCompilerClasspath,kotlinCompilerPluginClasspathRelease,kotlinCompilerPluginClasspathReleaseUnitTest,kotlinKaptWorkerDependencies,kotlinKlibCommonizerClasspath,releaseApiDependenciesMetadata
org.jetbrains.kotlin:kotlin-stdlib-common:1.8.10=implementationDependenciesMetadata,releaseCompileClasspath,releaseImplementationDependenciesMetadata,releaseRuntimeClasspath,releaseUnitTestCompileClasspath,releaseUnitTestImplementationDependenciesMetadata,releaseUnitTestRuntimeClasspath,testImplementationDependenciesMetadata
org.jetbrains.kotlin:kotlin-stdlib-jdk7:1.7.20=_agp_internal_javaPreCompileReleaseUnitTest_kaptClasspath,_agp_internal_javaPreCompileRelease_kaptClasspath,apiDependenciesMetadata,implementationDependenciesMetadata,kapt,kaptAndroidTest,kaptAndroidTestDebug,kaptAndroidTestInternal,kaptAndroidTestRelease,kaptClasspath_kaptReleaseKotlin,kaptClasspath_kaptReleaseUnitTestKotlin,kaptDebug,kaptInternal,kaptRelease,kaptTest,kaptTestDebug,kaptTestFixtures,kaptTestFixturesDebug,kaptTestFixturesInternal,kaptTestFixturesRelease,kaptTestInternal,kaptTestRelease,releaseApiDependenciesMetadata,releaseCompileClasspath,releaseImplementationDependenciesMetadata,releaseRuntimeClasspath,releaseUnitTestCompileClasspath,releaseUnitTestImplementationDependenciesMetadata,releaseUnitTestRuntimeClasspath,testImplementationDependenciesMetadata
org.jetbrains.kotlin:kotlin-stdlib-jdk8:1.7.20=_agp_internal_javaPreCompileReleaseUnitTest_kaptClasspath,_agp_internal_javaPreCompileRelease_kaptClasspath,apiDependenciesMetadata,implementationDependenciesMetadata,kapt,kaptAndroidTest,kaptAndroidTestDebug,kaptAndroidTestInternal,kaptAndroidTestRelease,kaptClasspath_kaptReleaseKotlin,kaptClasspath_kaptReleaseUnitTestKotlin,kaptDebug,kaptInternal,kaptRelease,kaptTest,kaptTestDebug,kaptTestFixtures,kaptTestFixturesDebug,kaptTestFixturesInternal,kaptTestFixturesRelease,kaptTestInternal,kaptTestRelease,releaseApiDependenciesMetadata,releaseCompileClasspath,releaseImplementationDependenciesMetadata,releaseRuntimeClasspath,releaseUnitTestCompileClasspath,releaseUnitTestImplementationDependenciesMetadata,releaseUnitTestRuntimeClasspath,testImplementationDependenciesMetadata
org.jetbrains.kotlin:kotlin-stdlib:1.7.20=_agp_internal_javaPreCompileReleaseUnitTest_kaptClasspath,_agp_internal_javaPreCompileRelease_kaptClasspath,apiDependenciesMetadata,kapt,kaptAndroidTest,kaptAndroidTestDebug,kaptAndroidTestInternal,kaptAndroidTestRelease,kaptClasspath_kaptReleaseKotlin,kaptClasspath_kaptReleaseUnitTestKotlin,kaptDebug,kaptInternal,kaptRelease,kaptTest,kaptTestDebug,kaptTestFixtures,kaptTestFixturesDebug,kaptTestFixturesInternal,kaptTestFixturesRelease,kaptTestInternal,kaptTestRelease,kotlinCompilerClasspath,kotlinCompilerPluginClasspathRelease,kotlinCompilerPluginClasspathReleaseUnitTest,kotlinKaptWorkerDependencies,kotlinKlibCommonizerClasspath,releaseApiDependenciesMetadata
org.jetbrains.kotlin:kotlin-stdlib:1.8.10=implementationDependenciesMetadata,releaseCompileClasspath,releaseImplementationDependenciesMetadata,releaseRuntimeClasspath,releaseUnitTestCompileClasspath,releaseUnitTestImplementationDependenciesMetadata,releaseUnitTestRuntimeClasspath,testImplementationDependenciesMetadata
org.jetbrains.kotlinx:atomicfu:0.17.3=implementationDependenciesMetadata,releaseImplementationDependenciesMetadata,releaseUnitTestImplementationDependenciesMetadata,testImplementationDependenciesMetadata
org.jetbrains.kotlinx:kotlinx-coroutines-android:1.6.4=implementationDependenciesMetadata,releaseCompileClasspath,releaseImplementationDependenciesMetadata,releaseRuntimeClasspath,releaseUnitTestCompileClasspath,releaseUnitTestImplementationDependenciesMetadata,releaseUnitTestRuntimeClasspath,testImplementationDependenciesMetadata
org.jetbrains.kotlinx:kotlinx-coroutines-bom:1.6.4=implementationDependenciesMetadata,releaseCompileClasspath,releaseImplementationDependenciesMetadata,releaseRuntimeClasspath,releaseUnitTestCompileClasspath,releaseUnitTestImplementationDependenciesMetadata,releaseUnitTestRuntimeClasspath,testImplementationDependenciesMetadata
org.jetbrains.kotlinx:kotlinx-coroutines-core-jvm:1.6.4=releaseCompileClasspath,releaseRuntimeClasspath,releaseUnitTestCompileClasspath,releaseUnitTestRuntimeClasspath
org.jetbrains.kotlinx:kotlinx-coroutines-core:1.6.4=implementationDependenciesMetadata,releaseCompileClasspath,releaseImplementationDependenciesMetadata,releaseRuntimeClasspath,releaseUnitTestCompileClasspath,releaseUnitTestImplementationDependenciesMetadata,releaseUnitTestRuntimeClasspath,testImplementationDependenciesMetadata
org.jetbrains.kotlinx:kotlinx-metadata-jvm:0.5.0=_agp_internal_javaPreCompileReleaseUnitTest_kaptClasspath,_agp_internal_javaPreCompileRelease_kaptClasspath,kapt,kaptAndroidTest,kaptAndroidTestDebug,kaptAndroidTestInternal,kaptAndroidTestRelease,kaptClasspath_kaptReleaseKotlin,kaptClasspath_kaptReleaseUnitTestKotlin,kaptDebug,kaptInternal,kaptRelease,kaptTest,kaptTestDebug,kaptTestFixtures,kaptTestFixturesDebug,kaptTestFixturesInternal,kaptTestFixturesRelease,kaptTestInternal,kaptTestRelease
org.jetbrains:annotations:13.0=_agp_internal_javaPreCompileReleaseUnitTest_kaptClasspath,_agp_internal_javaPreCompileRelease_kaptClasspath,apiDependenciesMetadata,implementationDependenciesMetadata,kapt,kaptAndroidTest,kaptAndroidTestDebug,kaptAndroidTestInternal,kaptAndroidTestRelease,kaptClasspath_kaptReleaseKotlin,kaptClasspath_kaptReleaseUnitTestKotlin,kaptDebug,kaptInternal,kaptRelease,kaptTest,kaptTestDebug,kaptTestFixtures,kaptTestFixturesDebug,kaptTestFixturesInternal,kaptTestFixturesRelease,kaptTestInternal,kaptTestRelease,kotlinCompilerClasspath,kotlinCompilerPluginClasspathRelease,kotlinCompilerPluginClasspathReleaseUnitTest,kotlinKaptWorkerDependencies,kotlinKlibCommonizerClasspath,releaseApiDependenciesMetadata,releaseCompileClasspath,releaseImplementationDependenciesMetadata,releaseRuntimeClasspath,releaseUnitTestCompileClasspath,releaseUnitTestImplementationDependenciesMetadata,releaseUnitTestRuntimeClasspath,testImplementationDependenciesMetadata
org.ow2.asm:asm-analysis:9.2=androidJacocoAnt
org.ow2.asm:asm-commons:9.2=androidJacocoAnt
org.ow2.asm:asm-tree:9.2=androidJacocoAnt
org.ow2.asm:asm:9.2=androidJacocoAnt
empty=androidApis,androidJdkImage,androidTestApiDependenciesMetadata,androidTestCompileOnlyDependenciesMetadata,androidTestDebugApiDependenciesMetadata,androidTestDebugCompileOnlyDependenciesMetadata,androidTestDebugImplementationDependenciesMetadata,androidTestDebugIntransitiveDependenciesMetadata,androidTestDebugRuntimeOnlyDependenciesMetadata,androidTestImplementationDependenciesMetadata,androidTestInternalApiDependenciesMetadata,androidTestInternalCompileOnlyDependenciesMetadata,androidTestInternalImplementationDependenciesMetadata,androidTestInternalIntransitiveDependenciesMetadata,androidTestInternalRuntimeOnlyDependenciesMetadata,androidTestIntransitiveDependenciesMetadata,androidTestReleaseApiDependenciesMetadata,androidTestReleaseCompileOnlyDependenciesMetadata,androidTestReleaseImplementationDependenciesMetadata,androidTestReleaseIntransitiveDependenciesMetadata,androidTestReleaseRuntimeOnlyDependenciesMetadata,androidTestRuntimeOnlyDependenciesMetadata,androidTestUtil,debugApiDependenciesMetadata,debugCompileOnlyDependenciesMetadata,debugIntransitiveDependenciesMetadata,debugRuntimeOnlyDependenciesMetadata,hiltCompileOnlyReleaseUnitTest,internalApiDependenciesMetadata,internalCompileOnlyDependenciesMetadata,internalImplementationDependenciesMetadata,internalIntransitiveDependenciesMetadata,internalRuntimeOnlyDependenciesMetadata,intransitiveDependenciesMetadata,kotlinCompilerPluginClasspath,kotlinNativeCompilerPluginClasspath,lintChecks,lintPublish,releaseAnnotationProcessorClasspath,releaseIntransitiveDependenciesMetadata,releaseRuntimeOnlyDependenciesMetadata,releaseUnitTestAnnotationProcessorClasspath,releaseUnitTestApiDependenciesMetadata,releaseUnitTestCompileOnlyDependenciesMetadata,releaseUnitTestIntransitiveDependenciesMetadata,releaseUnitTestRuntimeOnlyDependenciesMetadata,runtimeOnlyDependenciesMetadata,testApiDependenciesMetadata,testCompileOnlyDependenciesMetadata,testDebugApiDependenciesMetadata,testDebugCompileOnlyDependenciesMetadata,testDebugImplementationDependenciesMetadata,testDebugIntransitiveDependenciesMetadata,testDebugRuntimeOnlyDependenciesMetadata,testFixturesApiDependenciesMetadata,testFixturesCompileOnlyDependenciesMetadata,testFixturesDebugApiDependenciesMetadata,testFixturesDebugCompileOnlyDependenciesMetadata,testFixturesDebugImplementationDependenciesMetadata,testFixturesDebugIntransitiveDependenciesMetadata,testFixturesDebugRuntimeOnlyDependenciesMetadata,testFixturesImplementationDependenciesMetadata,testFixturesInternalApiDependenciesMetadata,testFixturesInternalCompileOnlyDependenciesMetadata,testFixturesInternalImplementationDependenciesMetadata,testFixturesInternalIntransitiveDependenciesMetadata,testFixturesInternalRuntimeOnlyDependenciesMetadata,testFixturesIntransitiveDependenciesMetadata,testFixturesReleaseApiDependenciesMetadata,testFixturesReleaseCompileOnlyDependenciesMetadata,testFixturesReleaseImplementationDependenciesMetadata,testFixturesReleaseIntransitiveDependenciesMetadata,testFixturesReleaseRuntimeOnlyDependenciesMetadata,testFixturesRuntimeOnlyDependenciesMetadata,testInternalApiDependenciesMetadata,testInternalCompileOnlyDependenciesMetadata,testInternalImplementationDependenciesMetadata,testInternalIntransitiveDependenciesMetadata,testInternalRuntimeOnlyDependenciesMetadata,testIntransitiveDependenciesMetadata,testReleaseApiDependenciesMetadata,testReleaseCompileOnlyDependenciesMetadata,testReleaseImplementationDependenciesMetadata,testReleaseIntransitiveDependenciesMetadata,testReleaseRuntimeOnlyDependenciesMetadata,testRuntimeOnlyDependenciesMetadata
